Microsoft Visual Studio Solution File, Format Version 9.00
# Visual Studio 2005
Project("{FAE04EC0-301F-11D3-BF4B-00C04F79EFBC}") = "WebApplication5", "WebApplication5\WebApplication5.csproj", "{B3834FF8-D9A3-4BD3-8C6A-4A3EE38E1B14}"
	ProjectSection(WebsiteProperties) = preProject
		Debug.AspNetCompiler.Debug = "True"
		Release.AspNetCompiler.Debug = "False"
	EndProjectSection
EndProject
Global
	GlobalSection(SolutionConfigurationPlatforms) = preSolution
		Debug|Any CPU = Debug|Any CPU
		Release|Any CPU = Release|Any CPU
	EndGlobalSection
	GlobalSection(ProjectConfigurationPlatforms) = postSolution
		{B3834FF8-D9A3-4BD3-8C6A-4A3EE38E1B14}.Debug|Any CPU.ActiveCfg = Debug|Any CPU
		{B3834FF8-D9A3-4BD3-8C6A-4A3EE38E1B14}.Debug|Any CPU.Build.0 = Debug|Any CPU
		{B3834FF8-D9A3-4BD3-8C6A-4A3EE38E1B14}.Release|Any CPU.ActiveCfg = Release|Any CPU
		{B3834FF8-D9A3-4BD3-8C6A-4A3EE38E1B14}.Release|Any CPU.Build.0 = Release|Any CPU
	EndGlobalSection
	GlobalSection(SolutionProperties) = preSolution
		HideSolutionNode = FALSE
	EndGlobalSection
EndGlobal
